
Microsoft Visual Studio Solution File, Format Version 12.00
# Visual Studio 2012
Project("{FAE04EC0-301F-11D3-BF4B-00C04F79EFBC}") = "TextOnImage", "TextOnImage\TextOnImage.csproj", "{AE6F5CCF-1923-4B28-A325-4B3CA003AE53}"
EndProject
Project("{FAE04EC0-301F-11D3-BF4B-00C04F79EFBC}") = "TextOnImage.iOS", "iOS\TextOnImage.iOS.csproj", "{EE41C27A-0489-49DA-A7E8-45AC19ABEDE7}"
EndProject
Project("{FAE04EC0-301F-11D3-BF4B-00C04F79EFBC}") = "TextOnImage.Android", "Android\TextOnImage.Android.csproj", "{494BE45E-B287-490F-A76A-2B5549408314}"
EndProject
Global
	GlobalSection(SolutionConfigurationPlatforms) = preSolution
		Debug|Any CPU = Debug|Any CPU
		Release|Any CPU = Release|Any CPU
		Debug|iPhoneSimulator = Debug|iPhoneSimulator
		Release|iPhoneSimulator = Release|iPhoneSimulator
		Debug|iPhone = Debug|iPhone
		Release|iPhone = Release|iPhone
		Ad-Hoc|iPhone = Ad-Hoc|iPhone
		AppStore|iPhone = AppStore|iPhone
	EndGlobalSection
	GlobalSection(ProjectConfigurationPlatforms) = postSolution
		{494BE45E-B287-490F-A76A-2B5549408314}.Ad-Hoc|iPhone.ActiveCfg = Debug|Any CPU
		{494BE45E-B287-490F-A76A-2B5549408314}.Ad-Hoc|iPhone.Build.0 = Debug|Any CPU
		{494BE45E-B287-490F-A76A-2B5549408314}.AppStore|iPhone.ActiveCfg = Debug|Any CPU
		{494BE45E-B287-490F-A76A-2B5549408314}.AppStore|iPhone.Build.0 = Debug|Any CPU
		{494BE45E-B287-490F-A76A-2B5549408314}.Debug|Any CPU.ActiveCfg = Debug|Any CPU
		{494BE45E-B287-490F-A76A-2B5549408314}.Debug|Any CPU.Build.0 = Debug|Any CPU
		{494BE45E-B287-490F-A76A-2B5549408314}.Debug|iPhone.ActiveCfg = Debug|Any CPU
		{494BE45E-B287-490F-A76A-2B5549408314}.Debug|iPhone.Build.0 = Debug|Any CPU
		{494BE45E-B287-490F-A76A-2B5549408314}.Debug|iPhoneSimulator.ActiveCfg = Debug|Any CPU
		{494BE45E-B287-490F-A76A-2B5549408314}.Debug|iPhoneSimulator.Build.0 = Debug|Any CPU
		{494BE45E-B287-490F-A76A-2B5549408314}.Release|Any CPU.ActiveCfg = Release|Any CPU
		{494BE45E-B287-490F-A76A-2B5549408314}.Release|Any CPU.Build.0 = Release|Any CPU
		{494BE45E-B287-490F-A76A-2B5549408314}.Release|iPhone.ActiveCfg = Release|Any CPU
		{494BE45E-B287-490F-A76A-2B5549408314}.Release|iPhone.Build.0 = Release|Any CPU
		{494BE45E-B287-490F-A76A-2B5549408314}.Release|iPhoneSimulator.ActiveCfg = Release|Any CPU
		{494BE45E-B287-490F-A76A-2B5549408314}.Release|iPhoneSimulator.Build.0 = Release|Any CPU
		{AE6F5CCF-1923-4B28-A325-4B3CA003AE53}.Ad-Hoc|iPhone.ActiveCfg = Debug|Any CPU
		{AE6F5CCF-1923-4B28-A325-4B3CA003AE53}.Ad-Hoc|iPhone.Build.0 = Debug|Any CPU
		{AE6F5CCF-1923-4B28-A325-4B3CA003AE53}.AppStore|iPhone.ActiveCfg = Debug|Any CPU
		{AE6F5CCF-1923-4B28-A325-4B3CA003AE53}.AppStore|iPhone.Build.0 = Debug|Any CPU
		{AE6F5CCF-1923-4B28-A325-4B3CA003AE53}.Debug|Any CPU.ActiveCfg = Debug|Any CPU
		{AE6F5CCF-1923-4B28-A325-4B3CA003AE53}.Debug|Any CPU.Build.0 = Debug|Any CPU
		{AE6F5CCF-1923-4B28-A325-4B3CA003AE53}.Debug|iPhone.ActiveCfg = Debug|Any CPU
		{AE6F5CCF-1923-4B28-A325-4B3CA003AE53}.Debug|iPhone.Build.0 = Debug|Any CPU
		{AE6F5CCF-1923-4B28-A325-4B3CA003AE53}.Debug|iPhoneSimulator.ActiveCfg = Debug|Any CPU
		{AE6F5CCF-1923-4B28-A325-4B3CA003AE53}.Debug|iPhoneSimulator.Build.0 = Debug|Any CPU
		{AE6F5CCF-1923-4B28-A325-4B3CA003AE53}.Release|Any CPU.ActiveCfg = Release|Any CPU
		{AE6F5CCF-1923-4B28-A325-4B3CA003AE53}.Release|Any CPU.Build.0 = Release|Any CPU
		{AE6F5CCF-1923-4B28-A325-4B3CA003AE53}.Release|iPhone.ActiveCfg = Release|Any CPU
		{AE6F5CCF-1923-4B28-A325-4B3CA003AE53}.Release|iPhone.Build.0 = Release|Any CPU
		{AE6F5CCF-1923-4B28-A325-4B3CA003AE53}.Release|iPhoneSimulator.ActiveCfg = Release|Any CPU
		{AE6F5CCF-1923-4B28-A325-4B3CA003AE53}.Release|iPhoneSimulator.Build.0 = Release|Any CPU
		{EE41C27A-0489-49DA-A7E8-45AC19ABEDE7}.Ad-Hoc|iPhone.ActiveCfg = Ad-Hoc|iPhone
		{EE41C27A-0489-49DA-A7E8-45AC19ABEDE7}.Ad-Hoc|iPhone.Build.0 = Ad-Hoc|iPhone
		{EE41C27A-0489-49DA-A7E8-45AC19ABEDE7}.AppStore|iPhone.ActiveCfg = AppStore|iPhone
		{EE41C27A-0489-49DA-A7E8-45AC19ABEDE7}.AppStore|iPhone.Build.0 = AppStore|iPhone
		{EE41C27A-0489-49DA-A7E8-45AC19ABEDE7}.Debug|Any CPU.ActiveCfg = Debug|iPhoneSimulator
		{EE41C27A-0489-49DA-A7E8-45AC19ABEDE7}.Debug|Any CPU.Build.0 = Debug|iPhoneSimulator
		{EE41C27A-0489-49DA-A7E8-45AC19ABEDE7}.Debug|iPhone.ActiveCfg = Debug|iPhone
		{EE41C27A-0489-49DA-A7E8-45AC19ABEDE7}.Debug|iPhone.Build.0 = Debug|iPhone
		{EE41C27A-0489-49DA-A7E8-45AC19ABEDE7}.Debug|iPhoneSimulator.ActiveCfg = Debug|iPhoneSimulator
		{EE41C27A-0489-49DA-A7E8-45AC19ABEDE7}.Debug|iPhoneSimulator.Build.0 = Debug|iPhoneSimulator
		{EE41C27A-0489-49DA-A7E8-45AC19ABEDE7}.Release|Any CPU.ActiveCfg = Release|iPhoneSimulator
		{EE41C27A-0489-49DA-A7E8-45AC19ABEDE7}.Release|Any CPU.Build.0 = Release|iPhoneSimulator
		{EE41C27A-0489-49DA-A7E8-45AC19ABEDE7}.Release|iPhone.ActiveCfg = Release|iPhone
		{EE41C27A-0489-49DA-A7E8-45AC19ABEDE7}.Release|iPhone.Build.0 = Release|iPhone
		{EE41C27A-0489-49DA-A7E8-45AC19ABEDE7}.Release|iPhoneSimulator.ActiveCfg = Release|iPhoneSimulator
		{EE41C27A-0489-49DA-A7E8-45AC19ABEDE7}.Release|iPhoneSimulator.Build.0 = Release|iPhoneSimulator
	EndGlobalSection
	GlobalSection(MonoDevelopProperties) = preSolution
		StartupItem = iOS\TextOnImage.iOS.csproj
	EndGlobalSection
EndGlobal
